
Microsoft Visual Studio Solution File, Format Version 12.00
# Visual Studio 15
Project("{FAE04EC0-301F-11D3-BF4B-00C04F79EFBC}") = "UnityEngine.TestRunner", "UnityEngine.TestRunner.csproj", "{5CA443D0-6A07-CE49-A412-AE1945C30717}"
EndProject
Project("{FAE04EC0-301F-11D3-BF4B-00C04F79EFBC}") = "Unity.Mathematics", "Unity.Mathematics.csproj", "{883EE2E1-992F-7C97-7F46-7299352A5EBC}"
EndProject
Project("{FAE04EC0-301F-11D3-BF4B-00C04F79EFBC}") = "Unity.2D.Animation.Triangle.Runtime", "Unity.2D.Animation.Triangle.Runtime.csproj", "{45257740-1319-C0EB-3C19-D775A1FE6609}"
EndProject
Project("{FAE04EC0-301F-11D3-BF4B-00C04F79EFBC}") = "Unity.Timeline", "Unity.Timeline.csproj", "{83617D01-3424-6DE4-854E-FCF62CA9289D}"
EndProject
Project("{FAE04EC0-301F-11D3-BF4B-00C04F79EFBC}") = "UnityEngine.UI", "UnityEngine.UI.csproj", "{C6C4939B-92DB-B42F-54B9-CDFAAAE1CAC1}"
EndProject
Project("{FAE04EC0-301F-11D3-BF4B-00C04F79EFBC}") = "Unity.TextMeshPro", "Unity.TextMeshPro.csproj", "{1C8D1DCB-6A26-3952-C876-0A2CF364031C}"
EndProject
Project("{FAE04EC0-301F-11D3-BF4B-00C04F79EFBC}") = "Unity.2D.Animation.Runtime", "Unity.2D.Animation.Runtime.csproj", "{7A15C8D1-849D-5DB2-0163-7EDF8BA8EA93}"
EndProject
Project("{FAE04EC0-301F-11D3-BF4B-00C04F79EFBC}") = "Unity.2D.IK.Runtime", "Unity.2D.IK.Runtime.csproj", "{22C303AF-F26E-E8FC-E044-AF744B72E0A5}"
EndProject
Project("{FAE04EC0-301F-11D3-BF4B-00C04F79EFBC}") = "Unity.2D.SpriteShape.Runtime", "Unity.2D.SpriteShape.Runtime.csproj", "{4DAEF49E-8F06-D0D7-CA36-AF0773A84611}"
EndProject
Project("{FAE04EC0-301F-11D3-BF4B-00C04F79EFBC}") = "Unity.2D.PixelPerfect", "Unity.2D.PixelPerfect.csproj", "{ADDA1E46-6B7A-273F-711D-3BF73A184102}"
EndProject
Project("{FAE04EC0-301F-11D3-BF4B-00C04F79EFBC}") = "Unity.2D.Common.Runtime", "Unity.2D.Common.Runtime.csproj", "{8C36E78D-1432-19E6-814C-5C09B75C2AFC}"
EndProject
Project("{FAE04EC0-301F-11D3-BF4B-00C04F79EFBC}") = "Unity.InternalAPIEngineBridge.001", "Unity.InternalAPIEngineBridge.001.csproj", "{C7BC360B-0F3C-C4FF-F9EC-730324712EEE}"
EndProject
Project("{FAE04EC0-301F-11D3-BF4B-00C04F79EFBC}") = "Assembly-CSharp", "Assembly-CSharp.csproj", "{BBE645FF-CDD3-2537-1875-BA36D0BA3457}"
EndProject
Project("{FAE04EC0-301F-11D3-BF4B-00C04F79EFBC}") = "UnityEditor.TestRunner", "UnityEditor.TestRunner.csproj", "{51EB284D-E40D-C2C6-E8EA-31AEA4533DC6}"
EndProject
Project("{FAE04EC0-301F-11D3-BF4B-00C04F79EFBC}") = "UnityEditor.UI", "UnityEditor.UI.csproj", "{5EF07B05-9181-438B-918B-4C9462997F8E}"
EndProject
Project("{FAE04EC0-301F-11D3-BF4B-00C04F79EFBC}") = "Unity.Timeline.Editor", "Unity.Timeline.Editor.csproj", "{82CDF099-0682-124F-38B6-056CA2BFE1CD}"
EndProject
Project("{FAE04EC0-301F-11D3-BF4B-00C04F79EFBC}") = "Unity.VisualStudio.Editor", "Unity.VisualStudio.Editor.csproj", "{FC713470-9282-F0E9-0FD7-AB59911D665E}"
EndProject
Project("{FAE04EC0-301F-11D3-BF4B-00C04F79EFBC}") = "Unity.2D.Psdimporter.Editor", "Unity.2D.Psdimporter.Editor.csproj", "{818FE090-DBB1-094D-0462-C7BC4618B187}"
EndProject
Project("{FAE04EC0-301F-11D3-BF4B-00C04F79EFBC}") = "Unity.2D.Animation.Editor", "Unity.2D.Animation.Editor.csproj", "{7FBB0527-B601-AC36-0EA2-99B995224311}"
EndProject
Project("{FAE04EC0-301F-11D3-BF4B-00C04F79EFBC}") = "Unity.TextMeshPro.Editor", "Unity.TextMeshPro.Editor.csproj", "{2D43C674-B868-14FF-94D0-08C4FB9199E3}"
EndProject
Project("{FAE04EC0-301F-11D3-BF4B-00C04F79EFBC}") = "Unity.2D.SpriteShape.Editor", "Unity.2D.SpriteShape.Editor.csproj", "{F61CF20D-BA19-8DBC-856F-F71DC3D97E8C}"
EndProject
Project("{FAE04EC0-301F-11D3-BF4B-00C04F79EFBC}") = "Unity.CollabProxy.Editor", "Unity.CollabProxy.Editor.csproj", "{E609D0BA-47B0-90FE-401A-8F4A2857AE1B}"
EndProject
Project("{FAE04EC0-301F-11D3-BF4B-00C04F79EFBC}") = "PsdPlugin", "PsdPlugin.csproj", "{2F2358D4-6F9D-EEA2-ABFC-3B630B543A47}"
EndProject
Project("{FAE04EC0-301F-11D3-BF4B-00C04F79EFBC}") = "Unity.2D.Path.Editor", "Unity.2D.Path.Editor.csproj", "{C4EB232F-25F0-1332-1899-B942AE82E174}"
EndProject
Project("{FAE04EC0-301F-11D3-BF4B-00C04F79EFBC}") = "Unity.Rider.Editor", "Unity.Rider.Editor.csproj", "{4E5E4831-752E-D1CC-6885-A19019FB0441}"
EndProject
Project("{FAE04EC0-301F-11D3-BF4B-00C04F79EFBC}") = "Unity.2D.IK.Editor", "Unity.2D.IK.Editor.csproj", "{F00819E8-BE99-70EB-EE85-3CA279554384}"
EndProject
Project("{FAE04EC0-301F-11D3-BF4B-00C04F79EFBC}") = "Unity.2D.Sprite.Editor", "Unity.2D.Sprite.Editor.csproj", "{50AF808B-BF2E-469B-4962-4F519332FEBA}"
EndProject
Project("{FAE04EC0-301F-11D3-BF4B-00C04F79EFBC}") = "Unity.2D.Tilemap.Editor", "Unity.2D.Tilemap.Editor.csproj", "{24EF504A-B3FE-6C5B-FA3A-63F79C2CAEAE}"
EndProject
Project("{FAE04EC0-301F-11D3-BF4B-00C04F79EFBC}") = "Unity.2D.PixelPerfect.Editor", "Unity.2D.PixelPerfect.Editor.csproj", "{A68B685F-688D-BECD-7ABC-BB179FD94755}"
EndProject
Project("{FAE04EC0-301F-11D3-BF4B-00C04F79EFBC}") = "Unity.VSCode.Editor", "Unity.VSCode.Editor.csproj", "{C55A059F-C054-492F-F040-59CF112A9F75}"
EndProject
Project("{FAE04EC0-301F-11D3-BF4B-00C04F79EFBC}") = "Unity.2D.Common.Editor", "Unity.2D.Common.Editor.csproj", "{2FED1D00-A08B-40E9-6E01-92C9BE205999}"
EndProject
Project("{FAE04EC0-301F-11D3-BF4B-00C04F79EFBC}") = "Unity.Mathematics.Editor", "Unity.Mathematics.Editor.csproj", "{A2112EAF-730C-A1C9-315B-B5BA148AABA5}"
EndProject
Project("{FAE04EC0-301F-11D3-BF4B-00C04F79EFBC}") = "Unity.InternalAPIEditorBridge.001", "Unity.InternalAPIEditorBridge.001.csproj", "{110ED961-79E7-56DF-11ED-E37432B413FB}"
EndProject
Project("{FAE04EC0-301F-11D3-BF4B-00C04F79EFBC}") = "UnityEngine.TestRunner", "UnityEngine.TestRunner.Player.csproj", "{FE2C9DD4-0676-51D3-5457-BE2CEF1C8AC3}"
EndProject
Project("{FAE04EC0-301F-11D3-BF4B-00C04F79EFBC}") = "Unity.Mathematics", "Unity.Mathematics.Player.csproj", "{6B715025-0EA2-8294-1536-58B7DAFC7349}"
EndProject
Project("{FAE04EC0-301F-11D3-BF4B-00C04F79EFBC}") = "Unity.2D.Animation.Triangle.Runtime", "Unity.2D.Animation.Triangle.Runtime.Player.csproj", "{E4E46C86-9047-AD88-D773-65120B67E02B}"
EndProject
Project("{FAE04EC0-301F-11D3-BF4B-00C04F79EFBC}") = "Unity.Timeline", "Unity.Timeline.Player.csproj", "{B3C6122B-CBDF-334C-0524-890729A9FEDA}"
EndProject
Project("{FAE04EC0-301F-11D3-BF4B-00C04F79EFBC}") = "UnityEngine.UI", "UnityEngine.UI.Player.csproj", "{7F1E8ECF-F5EE-8A5A-C29C-FF15193E4358}"
EndProject
Project("{FAE04EC0-301F-11D3-BF4B-00C04F79EFBC}") = "Unity.TextMeshPro", "Unity.TextMeshPro.Player.csproj", "{61681775-203E-C7FF-8647-D9DC06E09AD7}"
EndProject
Project("{FAE04EC0-301F-11D3-BF4B-00C04F79EFBC}") = "Unity.2D.Animation.Runtime", "Unity.2D.Animation.Runtime.Player.csproj", "{40F7319F-8C5D-BE32-932D-51FB5CDE318F}"
EndProject
Project("{FAE04EC0-301F-11D3-BF4B-00C04F79EFBC}") = "Unity.2D.IK.Runtime", "Unity.2D.IK.Runtime.Player.csproj", "{88E5A616-12FF-FF02-A6E2-98D7B11F4F99}"
EndProject
Project("{FAE04EC0-301F-11D3-BF4B-00C04F79EFBC}") = "Unity.2D.SpriteShape.Runtime", "Unity.2D.SpriteShape.Runtime.Player.csproj", "{90F12308-3D2A-5489-991D-5B2FCF7D7401}"
EndProject
Project("{FAE04EC0-301F-11D3-BF4B-00C04F79EFBC}") = "Unity.2D.PixelPerfect", "Unity.2D.PixelPerfect.Player.csproj", "{E7C15C44-6D99-3DCA-2BF0-6251B02C2C58}"
EndProject
Project("{FAE04EC0-301F-11D3-BF4B-00C04F79EFBC}") = "Unity.2D.Common.Runtime", "Unity.2D.Common.Runtime.Player.csproj", "{2143DB91-2746-8112-AC6B-5E27D361357A}"
EndProject
Project("{FAE04EC0-301F-11D3-BF4B-00C04F79EFBC}") = "Unity.InternalAPIEngineBridge.001", "Unity.InternalAPIEngineBridge.001.Player.csproj", "{AE460317-0BA4-CB42-4FA6-4FC57AA21A15}"
EndProject
Project("{FAE04EC0-301F-11D3-BF4B-00C04F79EFBC}") = "Assembly-CSharp", "Assembly-CSharp.Player.csproj", "{EF182963-D58E-EBDA-FF66-6AD5FE68BAAC}"
EndProject
Global
	GlobalSection(SolutionConfigurationPlatforms) = preSolution
		Debug|Any CPU = Debug|Any CPU
		Release|Any CPU = Release|Any CPU
	EndGlobalSection
	GlobalSection(ProjectConfigurationPlatforms) = postSolution
		{5CA443D0-6A07-CE49-A412-AE1945C30717}.Debug|Any CPU.ActiveCfg = Debug|Any CPU
		{5CA443D0-6A07-CE49-A412-AE1945C30717}.Debug|Any CPU.Build.0 = Debug|Any CPU
		{5CA443D0-6A07-CE49-A412-AE1945C30717}.Release|Any CPU.ActiveCfg = Release|Any CPU
		{5CA443D0-6A07-CE49-A412-AE1945C30717}.Release|Any CPU.Build.0 = Release|Any CPU
		{883EE2E1-992F-7C97-7F46-7299352A5EBC}.Debug|Any CPU.ActiveCfg = Debug|Any CPU
		{883EE2E1-992F-7C97-7F46-7299352A5EBC}.Debug|Any CPU.Build.0 = Debug|Any CPU
		{883EE2E1-992F-7C97-7F46-7299352A5EBC}.Release|Any CPU.ActiveCfg = Release|Any CPU
		{883EE2E1-992F-7C97-7F46-7299352A5EBC}.Release|Any CPU.Build.0 = Release|Any CPU
		{45257740-1319-C0EB-3C19-D775A1FE6609}.Debug|Any CPU.ActiveCfg = Debug|Any CPU
		{45257740-1319-C0EB-3C19-D775A1FE6609}.Debug|Any CPU.Build.0 = Debug|Any CPU
		{45257740-1319-C0EB-3C19-D775A1FE6609}.Release|Any CPU.ActiveCfg = Release|Any CPU
		{45257740-1319-C0EB-3C19-D775A1FE6609}.Release|Any CPU.Build.0 = Release|Any CPU
		{83617D01-3424-6DE4-854E-FCF62CA9289D}.Debug|Any CPU.ActiveCfg = Debug|Any CPU
		{83617D01-3424-6DE4-854E-FCF62CA9289D}.Debug|Any CPU.Build.0 = Debug|Any CPU
		{83617D01-3424-6DE4-854E-FCF62CA9289D}.Release|Any CPU.ActiveCfg = Release|Any CPU
		{83617D01-3424-6DE4-854E-FCF62CA9289D}.Release|Any CPU.Build.0 = Release|Any CPU
		{C6C4939B-92DB-B42F-54B9-CDFAAAE1CAC1}.Debug|Any CPU.ActiveCfg = Debug|Any CPU
		{C6C4939B-92DB-B42F-54B9-CDFAAAE1CAC1}.Debug|Any CPU.Build.0 = Debug|Any CPU
		{C6C4939B-92DB-B42F-54B9-CDFAAAE1CAC1}.Release|Any CPU.ActiveCfg = Release|Any CPU
		{C6C4939B-92DB-B42F-54B9-CDFAAAE1CAC1}.Release|Any CPU.Build.0 = Release|Any CPU
		{1C8D1DCB-6A26-3952-C876-0A2CF364031C}.Debug|Any CPU.ActiveCfg = Debug|Any CPU
		{1C8D1DCB-6A26-3952-C876-0A2CF364031C}.Debug|Any CPU.Build.0 = Debug|Any CPU
		{1C8D1DCB-6A26-3952-C876-0A2CF364031C}.Release|Any CPU.ActiveCfg = Release|Any CPU
		{1C8D1DCB-6A26-3952-C876-0A2CF364031C}.Release|Any CPU.Build.0 = Release|Any CPU
		{7A15C8D1-849D-5DB2-0163-7EDF8BA8EA93}.Debug|Any CPU.ActiveCfg = Debug|Any CPU
		{7A15C8D1-849D-5DB2-0163-7EDF8BA8EA93}.Debug|Any CPU.Build.0 = Debug|Any CPU
		{7A15C8D1-849D-5DB2-0163-7EDF8BA8EA93}.Release|Any CPU.ActiveCfg = Release|Any CPU
		{7A15C8D1-849D-5DB2-0163-7EDF8BA8EA93}.Release|Any CPU.Build.0 = Release|Any CPU
		{22C303AF-F26E-E8FC-E044-AF744B72E0A5}.Debug|Any CPU.ActiveCfg = Debug|Any CPU
		{22C303AF-F26E-E8FC-E044-AF744B72E0A5}.Debug|Any CPU.Build.0 = Debug|Any CPU
		{22C303AF-F26E-E8FC-E044-AF744B72E0A5}.Release|Any CPU.ActiveCfg = Release|Any CPU
		{22C303AF-F26E-E8FC-E044-AF744B72E0A5}.Release|Any CPU.Build.0 = Release|Any CPU
		{4DAEF49E-8F06-D0D7-CA36-AF0773A84611}.Debug|Any CPU.ActiveCfg = Debug|Any CPU
		{4DAEF49E-8F06-D0D7-CA36-AF0773A84611}.Debug|Any CPU.Build.0 = Debug|Any CPU
		{4DAEF49E-8F06-D0D7-CA36-AF0773A84611}.Release|Any CPU.ActiveCfg = Release|Any CPU
		{4DAEF49E-8F06-D0D7-CA36-AF0773A84611}.Release|Any CPU.Build.0 = Release|Any CPU
		{ADDA1E46-6B7A-273F-711D-3BF73A184102}.Debug|Any CPU.ActiveCfg = Debug|Any CPU
		{ADDA1E46-6B7A-273F-711D-3BF73A184102}.Debug|Any CPU.Build.0 = Debug|Any CPU
		{ADDA1E46-6B7A-273F-711D-3BF73A184102}.Release|Any CPU.ActiveCfg = Release|Any CPU
		{ADDA1E46-6B7A-273F-711D-3BF73A184102}.Release|Any CPU.Build.0 = Release|Any CPU
		{8C36E78D-1432-19E6-814C-5C09B75C2AFC}.Debug|Any CPU.ActiveCfg = Debug|Any CPU
		{8C36E78D-1432-19E6-814C-5C09B75C2AFC}.Debug|Any CPU.Build.0 = Debug|Any CPU
		{8C36E78D-1432-19E6-814C-5C09B75C2AFC}.Release|Any CPU.ActiveCfg = Release|Any CPU
		{8C36E78D-1432-19E6-814C-5C09B75C2AFC}.Release|Any CPU.Build.0 = Release|Any CPU
		{C7BC360B-0F3C-C4FF-F9EC-730324712EEE}.Debug|Any CPU.ActiveCfg = Debug|Any CPU
		{C7BC360B-0F3C-C4FF-F9EC-730324712EEE}.Debug|Any CPU.Build.0 = Debug|Any CPU
		{C7BC360B-0F3C-C4FF-F9EC-730324712EEE}.Release|Any CPU.ActiveCfg = Release|Any CPU
		{C7BC360B-0F3C-C4FF-F9EC-730324712EEE}.Release|Any CPU.Build.0 = Release|Any CPU
		{BBE645FF-CDD3-2537-1875-BA36D0BA3457}.Debug|Any CPU.ActiveCfg = Debug|Any CPU
		{BBE645FF-CDD3-2537-1875-BA36D0BA3457}.Debug|Any CPU.Build.0 = Debug|Any CPU
		{BBE645FF-CDD3-2537-1875-BA36D0BA3457}.Release|Any CPU.ActiveCfg = Release|Any CPU
		{BBE645FF-CDD3-2537-1875-BA36D0BA3457}.Release|Any CPU.Build.0 = Release|Any CPU
		{51EB284D-E40D-C2C6-E8EA-31AEA4533DC6}.Debug|Any CPU.ActiveCfg = Debug|Any CPU
		{51EB284D-E40D-C2C6-E8EA-31AEA4533DC6}.Debug|Any CPU.Build.0 = Debug|Any CPU
		{51EB284D-E40D-C2C6-E8EA-31AEA4533DC6}.Release|Any CPU.ActiveCfg = Release|Any CPU
		{51EB284D-E40D-C2C6-E8EA-31AEA4533DC6}.Release|Any CPU.Build.0 = Release|Any CPU
		{5EF07B05-9181-438B-918B-4C9462997F8E}.Debug|Any CPU.ActiveCfg = Debug|Any CPU
		{5EF07B05-9181-438B-918B-4C9462997F8E}.Debug|Any CPU.Build.0 = Debug|Any CPU
		{5EF07B05-9181-438B-918B-4C9462997F8E}.Release|Any CPU.ActiveCfg = Release|Any CPU
		{5EF07B05-9181-438B-918B-4C9462997F8E}.Release|Any CPU.Build.0 = Release|Any CPU
		{82CDF099-0682-124F-38B6-056CA2BFE1CD}.Debug|Any CPU.ActiveCfg = Debug|Any CPU
		{82CDF099-0682-124F-38B6-056CA2BFE1CD}.Debug|Any CPU.Build.0 = Debug|Any CPU
		{82CDF099-0682-124F-38B6-056CA2BFE1CD}.Release|Any CPU.ActiveCfg = Release|Any CPU
		{82CDF099-0682-124F-38B6-056CA2BFE1CD}.Release|Any CPU.Build.0 = Release|Any CPU
		{FC713470-9282-F0E9-0FD7-AB59911D665E}.Debug|Any CPU.ActiveCfg = Debug|Any CPU
		{FC713470-9282-F0E9-0FD7-AB59911D665E}.Debug|Any CPU.Build.0 = Debug|Any CPU
		{FC713470-9282-F0E9-0FD7-AB59911D665E}.Release|Any CPU.ActiveCfg = Release|Any CPU
		{FC713470-9282-F0E9-0FD7-AB59911D665E}.Release|Any CPU.Build.0 = Release|Any CPU
		{818FE090-DBB1-094D-0462-C7BC4618B187}.Debug|Any CPU.ActiveCfg = Debug|Any CPU
		{818FE090-DBB1-094D-0462-C7BC4618B187}.Debug|Any CPU.Build.0 = Debug|Any CPU
		{818FE090-DBB1-094D-0462-C7BC4618B187}.Release|Any CPU.ActiveCfg = Release|Any CPU
		{818FE090-DBB1-094D-0462-C7BC4618B187}.Release|Any CPU.Build.0 = Release|Any CPU
		{7FBB0527-B601-AC36-0EA2-99B995224311}.Debug|Any CPU.ActiveCfg = Debug|Any CPU
		{7FBB0527-B601-AC36-0EA2-99B995224311}.Debug|Any CPU.Build.0 = Debug|Any CPU
		{7FBB0527-B601-AC36-0EA2-99B995224311}.Release|Any CPU.ActiveCfg = Release|Any CPU
		{7FBB0527-B601-AC36-0EA2-99B995224311}.Release|Any CPU.Build.0 = Release|Any CPU
		{2D43C674-B868-14FF-94D0-08C4FB9199E3}.Debug|Any CPU.ActiveCfg = Debug|Any CPU
		{2D43C674-B868-14FF-94D0-08C4FB9199E3}.Debug|Any CPU.Build.0 = Debug|Any CPU
		{2D43C674-B868-14FF-94D0-08C4FB9199E3}.Release|Any CPU.ActiveCfg = Release|Any CPU
		{2D43C674-B868-14FF-94D0-08C4FB9199E3}.Release|Any CPU.Build.0 = Release|Any CPU
		{F61CF20D-BA19-8DBC-856F-F71DC3D97E8C}.Debug|Any CPU.ActiveCfg = Debug|Any CPU
		{F61CF20D-BA19-8DBC-856F-F71DC3D97E8C}.Debug|Any CPU.Build.0 = Debug|Any CPU
		{F61CF20D-BA19-8DBC-856F-F71DC3D97E8C}.Release|Any CPU.ActiveCfg = Release|Any CPU
		{F61CF20D-BA19-8DBC-856F-F71DC3D97E8C}.Release|Any CPU.Build.0 = Release|Any CPU
		{E609D0BA-47B0-90FE-401A-8F4A2857AE1B}.Debug|Any CPU.ActiveCfg = Debug|Any CPU
		{E609D0BA-47B0-90FE-401A-8F4A2857AE1B}.Debug|Any CPU.Build.0 = Debug|Any CPU
		{E609D0BA-47B0-90FE-401A-8F4A2857AE1B}.Release|Any CPU.ActiveCfg = Release|Any CPU
		{E609D0BA-47B0-90FE-401A-8F4A2857AE1B}.Release|Any CPU.Build.0 = Release|Any CPU
		{2F2358D4-6F9D-EEA2-ABFC-3B630B543A47}.Debug|Any CPU.ActiveCfg = Debug|Any CPU
		{2F2358D4-6F9D-EEA2-ABFC-3B630B543A47}.Debug|Any CPU.Build.0 = Debug|Any CPU
		{2F2358D4-6F9D-EEA2-ABFC-3B630B543A47}.Release|Any CPU.ActiveCfg = Release|Any CPU
		{2F2358D4-6F9D-EEA2-ABFC-3B630B543A47}.Release|Any CPU.Build.0 = Release|Any CPU
		{C4EB232F-25F0-1332-1899-B942AE82E174}.Debug|Any CPU.ActiveCfg = Debug|Any CPU
		{C4EB232F-25F0-1332-1899-B942AE82E174}.Debug|Any CPU.Build.0 = Debug|Any CPU
		{C4EB232F-25F0-1332-1899-B942AE82E174}.Release|Any CPU.ActiveCfg = Release|Any CPU
		{C4EB232F-25F0-1332-1899-B942AE82E174}.Release|Any CPU.Build.0 = Release|Any CPU
		{4E5E4831-752E-D1CC-6885-A19019FB0441}.Debug|Any CPU.ActiveCfg = Debug|Any CPU
		{4E5E4831-752E-D1CC-6885-A19019FB0441}.Debug|Any CPU.Build.0 = Debug|Any CPU
		{4E5E4831-752E-D1CC-6885-A19019FB0441}.Release|Any CPU.ActiveCfg = Release|Any CPU
		{4E5E4831-752E-D1CC-6885-A19019FB0441}.Release|Any CPU.Build.0 = Release|Any CPU
		{F00819E8-BE99-70EB-EE85-3CA279554384}.Debug|Any CPU.ActiveCfg = Debug|Any CPU
		{F00819E8-BE99-70EB-EE85-3CA279554384}.Debug|Any CPU.Build.0 = Debug|Any CPU
		{F00819E8-BE99-70EB-EE85-3CA279554384}.Release|Any CPU.ActiveCfg = Release|Any CPU
		{F00819E8-BE99-70EB-EE85-3CA279554384}.Release|Any CPU.Build.0 = Release|Any CPU
		{50AF808B-BF2E-469B-4962-4F519332FEBA}.Debug|Any CPU.ActiveCfg = Debug|Any CPU
		{50AF808B-BF2E-469B-4962-4F519332FEBA}.Debug|Any CPU.Build.0 = Debug|Any CPU
		{50AF808B-BF2E-469B-4962-4F519332FEBA}.Release|Any CPU.ActiveCfg = Release|Any CPU
		{50AF808B-BF2E-469B-4962-4F519332FEBA}.Release|Any CPU.Build.0 = Release|Any CPU
		{24EF504A-B3FE-6C5B-FA3A-63F79C2CAEAE}.Debug|Any CPU.ActiveCfg = Debug|Any CPU
		{24EF504A-B3FE-6C5B-FA3A-63F79C2CAEAE}.Debug|Any CPU.Build.0 = Debug|Any CPU
		{24EF504A-B3FE-6C5B-FA3A-63F79C2CAEAE}.Release|Any CPU.ActiveCfg = Release|Any CPU
		{24EF504A-B3FE-6C5B-FA3A-63F79C2CAEAE}.Release|Any CPU.Build.0 = Release|Any CPU
		{A68B685F-688D-BECD-7ABC-BB179FD94755}.Debug|Any CPU.ActiveCfg = Debug|Any CPU
		{A68B685F-688D-BECD-7ABC-BB179FD94755}.Debug|Any CPU.Build.0 = Debug|Any CPU
		{A68B685F-688D-BECD-7ABC-BB179FD94755}.Release|Any CPU.ActiveCfg = Release|Any CPU
		{A68B685F-688D-BECD-7ABC-BB179FD94755}.Release|Any CPU.Build.0 = Release|Any CPU
		{C55A059F-C054-492F-F040-59CF112A9F75}.Debug|Any CPU.ActiveCfg = Debug|Any CPU
		{C55A059F-C054-492F-F040-59CF112A9F75}.Debug|Any CPU.Build.0 = Debug|Any CPU
		{C55A059F-C054-492F-F040-59CF112A9F75}.Release|Any CPU.ActiveCfg = Release|Any CPU
		{C55A059F-C054-492F-F040-59CF112A9F75}.Release|Any CPU.Build.0 = Release|Any CPU
		{2FED1D00-A08B-40E9-6E01-92C9BE205999}.Debug|Any CPU.ActiveCfg = Debug|Any CPU
		{2FED1D00-A08B-40E9-6E01-92C9BE205999}.Debug|Any CPU.Build.0 = Debug|Any CPU
		{2FED1D00-A08B-40E9-6E01-92C9BE205999}.Release|Any CPU.ActiveCfg = Release|Any CPU
		{2FED1D00-A08B-40E9-6E01-92C9BE205999}.Release|Any CPU.Build.0 = Release|Any CPU
		{A2112EAF-730C-A1C9-315B-B5BA148AABA5}.Debug|Any CPU.ActiveCfg = Debug|Any CPU
		{A2112EAF-730C-A1C9-315B-B5BA148AABA5}.Debug|Any CPU.Build.0 = Debug|Any CPU
		{A2112EAF-730C-A1C9-315B-B5BA148AABA5}.Release|Any CPU.ActiveCfg = Release|Any CPU
		{A2112EAF-730C-A1C9-315B-B5BA148AABA5}.Release|Any CPU.Build.0 = Release|Any CPU
		{110ED961-79E7-56DF-11ED-E37432B413FB}.Debug|Any CPU.ActiveCfg = Debug|Any CPU
		{110ED961-79E7-56DF-11ED-E37432B413FB}.Debug|Any CPU.Build.0 = Debug|Any CPU
		{110ED961-79E7-56DF-11ED-E37432B413FB}.Release|Any CPU.ActiveCfg = Release|Any CPU
		{110ED961-79E7-56DF-11ED-E37432B413FB}.Release|Any CPU.Build.0 = Release|Any CPU
		{FE2C9DD4-0676-51D3-5457-BE2CEF1C8AC3}.Debug|Any CPU.ActiveCfg = Debug|Any CPU
		{FE2C9DD4-0676-51D3-5457-BE2CEF1C8AC3}.Debug|Any CPU.Build.0 = Debug|Any CPU
		{FE2C9DD4-0676-51D3-5457-BE2CEF1C8AC3}.Release|Any CPU.ActiveCfg = Release|Any CPU
		{FE2C9DD4-0676-51D3-5457-BE2CEF1C8AC3}.Release|Any CPU.Build.0 = Release|Any CPU
		{6B715025-0EA2-8294-1536-58B7DAFC7349}.Debug|Any CPU.ActiveCfg = Debug|Any CPU
		{6B715025-0EA2-8294-1536-58B7DAFC7349}.Debug|Any CPU.Build.0 = Debug|Any CPU
		{6B715025-0EA2-8294-1536-58B7DAFC7349}.Release|Any CPU.ActiveCfg = Release|Any CPU
		{6B715025-0EA2-8294-1536-58B7DAFC7349}.Release|Any CPU.Build.0 = Release|Any CPU
		{E4E46C86-9047-AD88-D773-65120B67E02B}.Debug|Any CPU.ActiveCfg = Debug|Any CPU
		{E4E46C86-9047-AD88-D773-65120B67E02B}.Debug|Any CPU.Build.0 = Debug|Any CPU
		{E4E46C86-9047-AD88-D773-65120B67E02B}.Release|Any CPU.ActiveCfg = Release|Any CPU
		{E4E46C86-9047-AD88-D773-65120B67E02B}.Release|Any CPU.Build.0 = Release|Any CPU
		{B3C6122B-CBDF-334C-0524-890729A9FEDA}.Debug|Any CPU.ActiveCfg = Debug|Any CPU
		{B3C6122B-CBDF-334C-0524-890729A9FEDA}.Debug|Any CPU.Build.0 = Debug|Any CPU
		{B3C6122B-CBDF-334C-0524-890729A9FEDA}.Release|Any CPU.ActiveCfg = Release|Any CPU
		{B3C6122B-CBDF-334C-0524-890729A9FEDA}.Release|Any CPU.Build.0 = Release|Any CPU
		{7F1E8ECF-F5EE-8A5A-C29C-FF15193E4358}.Debug|Any CPU.ActiveCfg = Debug|Any CPU
		{7F1E8ECF-F5EE-8A5A-C29C-FF15193E4358}.Debug|Any CPU.Build.0 = Debug|Any CPU
		{7F1E8ECF-F5EE-8A5A-C29C-FF15193E4358}.Release|Any CPU.ActiveCfg = Release|Any CPU
		{7F1E8ECF-F5EE-8A5A-C29C-FF15193E4358}.Release|Any CPU.Build.0 = Release|Any CPU
		{61681775-203E-C7FF-8647-D9DC06E09AD7}.Debug|Any CPU.ActiveCfg = Debug|Any CPU
		{61681775-203E-C7FF-8647-D9DC06E09AD7}.Debug|Any CPU.Build.0 = Debug|Any CPU
		{61681775-203E-C7FF-8647-D9DC06E09AD7}.Release|Any CPU.ActiveCfg = Release|Any CPU
		{61681775-203E-C7FF-8647-D9DC06E09AD7}.Release|Any CPU.Build.0 = Release|Any CPU
		{40F7319F-8C5D-BE32-932D-51FB5CDE318F}.Debug|Any CPU.ActiveCfg = Debug|Any CPU
		{40F7319F-8C5D-BE32-932D-51FB5CDE318F}.Debug|Any CPU.Build.0 = Debug|Any CPU
		{40F7319F-8C5D-BE32-932D-51FB5CDE318F}.Release|Any CPU.ActiveCfg = Release|Any CPU
		{40F7319F-8C5D-BE32-932D-51FB5CDE318F}.Release|Any CPU.Build.0 = Release|Any CPU
		{88E5A616-12FF-FF02-A6E2-98D7B11F4F99}.Debug|Any CPU.ActiveCfg = Debug|Any CPU
		{88E5A616-12FF-FF02-A6E2-98D7B11F4F99}.Debug|Any CPU.Build.0 = Debug|Any CPU
		{88E5A616-12FF-FF02-A6E2-98D7B11F4F99}.Release|Any CPU.ActiveCfg = Release|Any CPU
		{88E5A616-12FF-FF02-A6E2-98D7B11F4F99}.Release|Any CPU.Build.0 = Release|Any CPU
		{90F12308-3D2A-5489-991D-5B2FCF7D7401}.Debug|Any CPU.ActiveCfg = Debug|Any CPU
		{90F12308-3D2A-5489-991D-5B2FCF7D7401}.Debug|Any CPU.Build.0 = Debug|Any CPU
		{90F12308-3D2A-5489-991D-5B2FCF7D7401}.Release|Any CPU.ActiveCfg = Release|Any CPU
		{90F12308-3D2A-5489-991D-5B2FCF7D7401}.Release|Any CPU.Build.0 = Release|Any CPU
		{E7C15C44-6D99-3DCA-2BF0-6251B02C2C58}.Debug|Any CPU.ActiveCfg = Debug|Any CPU
		{E7C15C44-6D99-3DCA-2BF0-6251B02C2C58}.Debug|Any CPU.Build.0 = Debug|Any CPU
		{E7C15C44-6D99-3DCA-2BF0-6251B02C2C58}.Release|Any CPU.ActiveCfg = Release|Any CPU
		{E7C15C44-6D99-3DCA-2BF0-6251B02C2C58}.Release|Any CPU.Build.0 = Release|Any CPU
		{2143DB91-2746-8112-AC6B-5E27D361357A}.Debug|Any CPU.ActiveCfg = Debug|Any CPU
		{2143DB91-2746-8112-AC6B-5E27D361357A}.Debug|Any CPU.Build.0 = Debug|Any CPU
		{2143DB91-2746-8112-AC6B-5E27D361357A}.Release|Any CPU.ActiveCfg = Release|Any CPU
		{2143DB91-2746-8112-AC6B-5E27D361357A}.Release|Any CPU.Build.0 = Release|Any CPU
		{AE460317-0BA4-CB42-4FA6-4FC57AA21A15}.Debug|Any CPU.ActiveCfg = Debug|Any CPU
		{AE460317-0BA4-CB42-4FA6-4FC57AA21A15}.Debug|Any CPU.Build.0 = Debug|Any CPU
		{AE460317-0BA4-CB42-4FA6-4FC57AA21A15}.Release|Any CPU.ActiveCfg = Release|Any CPU
		{AE460317-0BA4-CB42-4FA6-4FC57AA21A15}.Release|Any CPU.Build.0 = Release|Any CPU
		{EF182963-D58E-EBDA-FF66-6AD5FE68BAAC}.Debug|Any CPU.ActiveCfg = Debug|Any CPU
		{EF182963-D58E-EBDA-FF66-6AD5FE68BAAC}.Debug|Any CPU.Build.0 = Debug|Any CPU
		{EF182963-D58E-EBDA-FF66-6AD5FE68BAAC}.Release|Any CPU.ActiveCfg = Release|Any CPU
		{EF182963-D58E-EBDA-FF66-6AD5FE68BAAC}.Release|Any CPU.Build.0 = Release|Any CPU
	EndGlobalSection
	GlobalSection(SolutionProperties) = preSolution
		HideSolutionNode = FALSE
	EndGlobalSection
EndGlobal
